
Microsoft Visual Studio Solution File, Format Version 12.00
# Visual Studio 2012
Project("{FAE04EC0-301F-11D3-BF4B-00C04F79EFBC}") = "KsigDo.Web", "KsigDo.Web\KsigDo.Web.csproj", "{1C96EB96-BF24-41C6-A445-59CA0191F782}"
EndProject
Project("{2150E333-8FDC-42A3-9474-1A3956D46DE8}") = ".nuget", ".nuget", "{52D6C684-E7EB-4F10-AC6B-7B96D89D5087}"
	ProjectSection(SolutionItems) = preProject
		.nuget\NuGet.Config = .nuget\NuGet.Config
		.nuget\NuGet.exe = .nuget\NuGet.exe
		.nuget\NuGet.targets = .nuget\NuGet.targets
	EndProjectSection
EndProject
Global
	GlobalSection(SolutionConfigurationPlatforms) = preSolution
		Debug|Any CPU = Debug|Any CPU
		Release|Any CPU = Release|Any CPU
	EndGlobalSection
	GlobalSection(ProjectConfigurationPlatforms) = postSolution
		{1C96EB96-BF24-41C6-A445-59CA0191F782}.Debug|Any CPU.ActiveCfg = Debug|Any CPU
		{1C96EB96-BF24-41C6-A445-59CA0191F782}.Debug|Any CPU.Build.0 = Debug|Any CPU
		{1C96EB96-BF24-41C6-A445-59CA0191F782}.Release|Any CPU.ActiveCfg = Release|Any CPU
		{1C96EB96-BF24-41C6-A445-59CA0191F782}.Release|Any CPU.Build.0 = Release|Any CPU
	EndGlobalSection
	GlobalSection(SolutionProperties) = preSolution
		HideSolutionNode = FALSE
	EndGlobalSection
EndGlobal
